# This file is automatically @generated by Wally.
# It is not intended for manual editing.
registry = "test"

[[package]]
name = "elttob/fusion"
version = "0.3.0"
dependencies = []

[[package]]
name = "evaera/promise"
version = "4.0.0"
dependencies = []

[[package]]
name = "littensy/charm"
version = "0.10.0"
dependencies = []

[[package]]
name = "littensy/charm-sync"
version = "0.3.0"
dependencies = [["charm", "littensy/charm@0.10.0"]]

[[package]]
name = "littensy/remo"
version = "1.5.2"
dependencies = [["Promise", "evaera/promise@4.0.0"]]

[[package]]
name = "nate/template"
version = "0.1.0"
dependencies = [["charm", "littensy/charm@0.10.0"], ["charm-sync", "littensy/charm-sync@0.3.0"], ["fusion", "elttob/fusion@0.3.0"], ["promise", "evaera/promise@4.0.0"], ["remo", "littensy/remo@1.5.2"], ["signal", "sleitnick/signal@2.0.3"], ["t", "osyrisrblx/t@3.1.1"], ["trove", "sleitnick/trove@1.5.1"]]

[[package]]
name = "osyrisrblx/t"
version = "3.1.1"
dependencies = []

[[package]]
name = "sleitnick/signal"
version = "2.0.3"
dependencies = []

[[package]]
name = "sleitnick/trove"
version = "1.5.1"
dependencies = []
